
Microsoft Visual Studio Solution File, Format Version 12.00
# Visual Studio Version 17
VisualStudioVersion = 17.6.33723.286
MinimumVisualStudioVersion = 10.0.40219.1
Project("{2150E333-8FDC-42A3-9474-1A3956D46DE8}") = "src", "src", "{67565933-5976-42B1-B815-19EEC1631BC4}"
EndProject
Project("{2150E333-8FDC-42A3-9474-1A3956D46DE8}") = "tests", "tests", "{5F689AD1-0342-4C66-A8D0-07BDFA7889F7}"
EndProject
Project("{FAE04EC0-301F-11D3-BF4B-00C04F79EFBC}") = "CodeNotes.API", "src\CodeNotes.API\CodeNotes.API.csproj", "{61F4C109-073E-43B5-A3A6-22A673ED0223}"
EndProject
Project("{FAE04EC0-301F-11D3-BF4B-00C04F79EFBC}") = "CodeNotes.Application", "src\CodeNotes.Application\CodeNotes.Application.csproj", "{770C3067-A2A7-4906-A1CA-08B8AA845623}"
EndProject
Project("{FAE04EC0-301F-11D3-BF4B-00C04F79EFBC}") = "CodeNotes.Infrastructure", "src\CodeNotes.Infrastructure\CodeNotes.Infrastructure.csproj", "{9ACED527-800E-4E6B-A937-884600FCE311}"
EndProject
Project("{FAE04EC0-301F-11D3-BF4B-00C04F79EFBC}") = "CodeNotes.Application.UnitTests", "tests\CodeNotes.Application.UnitTests\CodeNotes.Application.UnitTests.csproj", "{758FD0D1-025D-4ABF-9CEF-3BDED7B1895E}"
EndProject
Project("{FAE04EC0-301F-11D3-BF4B-00C04F79EFBC}") = "CodeNotes.Domain", "CodeNotes.Domain\CodeNotes.Domain.csproj", "{DFB8612B-EBE1-4CF2-98A2-E3854788E383}"
EndProject
Global
	GlobalSection(SolutionConfigurationPlatforms) = preSolution
		Debug|Any CPU = Debug|Any CPU
		Release|Any CPU = Release|Any CPU
	EndGlobalSection
	GlobalSection(ProjectConfigurationPlatforms) = postSolution
		{61F4C109-073E-43B5-A3A6-22A673ED0223}.Debug|Any CPU.ActiveCfg = Debug|Any CPU
		{61F4C109-073E-43B5-A3A6-22A673ED0223}.Debug|Any CPU.Build.0 = Debug|Any CPU
		{61F4C109-073E-43B5-A3A6-22A673ED0223}.Release|Any CPU.ActiveCfg = Release|Any CPU
		{61F4C109-073E-43B5-A3A6-22A673ED0223}.Release|Any CPU.Build.0 = Release|Any CPU
		{770C3067-A2A7-4906-A1CA-08B8AA845623}.Debug|Any CPU.ActiveCfg = Debug|Any CPU
		{770C3067-A2A7-4906-A1CA-08B8AA845623}.Debug|Any CPU.Build.0 = Debug|Any CPU
		{770C3067-A2A7-4906-A1CA-08B8AA845623}.Release|Any CPU.ActiveCfg = Release|Any CPU
		{770C3067-A2A7-4906-A1CA-08B8AA845623}.Release|Any CPU.Build.0 = Release|Any CPU
		{9ACED527-800E-4E6B-A937-884600FCE311}.Debug|Any CPU.ActiveCfg = Debug|Any CPU
		{9ACED527-800E-4E6B-A937-884600FCE311}.Debug|Any CPU.Build.0 = Debug|Any CPU
		{9ACED527-800E-4E6B-A937-884600FCE311}.Release|Any CPU.ActiveCfg = Release|Any CPU
		{9ACED527-800E-4E6B-A937-884600FCE311}.Release|Any CPU.Build.0 = Release|Any CPU
		{758FD0D1-025D-4ABF-9CEF-3BDED7B1895E}.Debug|Any CPU.ActiveCfg = Debug|Any CPU
		{758FD0D1-025D-4ABF-9CEF-3BDED7B1895E}.Debug|Any CPU.Build.0 = Debug|Any CPU
		{758FD0D1-025D-4ABF-9CEF-3BDED7B1895E}.Release|Any CPU.ActiveCfg = Release|Any CPU
		{758FD0D1-025D-4ABF-9CEF-3BDED7B1895E}.Release|Any CPU.Build.0 = Release|Any CPU
		{DFB8612B-EBE1-4CF2-98A2-E3854788E383}.Debug|Any CPU.ActiveCfg = Debug|Any CPU
		{DFB8612B-EBE1-4CF2-98A2-E3854788E383}.Debug|Any CPU.Build.0 = Debug|Any CPU
		{DFB8612B-EBE1-4CF2-98A2-E3854788E383}.Release|Any CPU.ActiveCfg = Release|Any CPU
		{DFB8612B-EBE1-4CF2-98A2-E3854788E383}.Release|Any CPU.Build.0 = Release|Any CPU
	EndGlobalSection
	GlobalSection(SolutionProperties) = preSolution
		HideSolutionNode = FALSE
	EndGlobalSection
	GlobalSection(NestedProjects) = preSolution
		{61F4C109-073E-43B5-A3A6-22A673ED0223} = {67565933-5976-42B1-B815-19EEC1631BC4}
		{770C3067-A2A7-4906-A1CA-08B8AA845623} = {67565933-5976-42B1-B815-19EEC1631BC4}
		{9ACED527-800E-4E6B-A937-884600FCE311} = {67565933-5976-42B1-B815-19EEC1631BC4}
		{758FD0D1-025D-4ABF-9CEF-3BDED7B1895E} = {5F689AD1-0342-4C66-A8D0-07BDFA7889F7}
		{DFB8612B-EBE1-4CF2-98A2-E3854788E383} = {67565933-5976-42B1-B815-19EEC1631BC4}
	EndGlobalSection
	GlobalSection(ExtensibilityGlobals) = postSolution
		SolutionGuid = {0CD2A989-8CBD-4990-8A37-EB7545DCD5BE}
	EndGlobalSection
EndGlobal
